
Microsoft Visual Studio Solution File, Format Version 12.00
Project("{FAE04EC0-301F-11D3-BF4B-00C04F79EFBC}") = "DIZZ_1", "DIZZ_1\DIZZ_1.csproj", "{145CBD08-B844-4FB7-966E-F16A2229B98C}"
EndProject
Global
	GlobalSection(SolutionConfigurationPlatforms) = preSolution
		Debug|Any CPU = Debug|Any CPU
		Release|Any CPU = Release|Any CPU
	EndGlobalSection
	GlobalSection(ProjectConfigurationPlatforms) = postSolution
		{145CBD08-B844-4FB7-966E-F16A2229B98C}.Debug|Any CPU.ActiveCfg = Debug|Any CPU
		{145CBD08-B844-4FB7-966E-F16A2229B98C}.Debug|Any CPU.Build.0 = Debug|Any CPU
		{145CBD08-B844-4FB7-966E-F16A2229B98C}.Release|Any CPU.ActiveCfg = Release|Any CPU
		{145CBD08-B844-4FB7-966E-F16A2229B98C}.Release|Any CPU.Build.0 = Release|Any CPU
	EndGlobalSection
EndGlobal
